
Microsoft Visual Studio Solution File, Format Version 12.00
Project("{2150E333-8FDC-42A3-9474-1A3956D46DE8}") = "StrategyPattern", "StrategyPattern", "{B100A392-1301-4E6A-A530-8720A4EC997D}"
EndProject
Project("{2150E333-8FDC-42A3-9474-1A3956D46DE8}") = "StrategyPattern01", "StrategyPattern01", "{64469012-63DB-40F6-A561-FD55B2A55BEA}"
EndProject
Project("{2150E333-8FDC-42A3-9474-1A3956D46DE8}") = "00_BeforeRefactor", "00_BeforeRefactor", "{006DF5E4-313F-491B-BCFD-91EF696B54AD}"
EndProject
Project("{FAE04EC0-301F-11D3-BF4B-00C04F79EFBC}") = "StrategyPattern01_BR", "StrategyPattern01_BR\StrategyPattern01_BR.csproj", "{3AAA2A57-7B64-44F7-BEA4-789E646EAEA0}"
EndProject
Project("{2150E333-8FDC-42A3-9474-1A3956D46DE8}") = "01_AfterRefactor", "01_AfterRefactor", "{DB6462BB-C8B7-4216-954E-B7AA6D5F6C7C}"
EndProject
Project("{FAE04EC0-301F-11D3-BF4B-00C04F79EFBC}") = "StrategyPattern01_AR", "StrategyPattern01_AR\StrategyPattern01_AR.csproj", "{EBD8084F-61DD-493E-B44A-B2B0B75A1912}"
EndProject
Project("{2150E333-8FDC-42A3-9474-1A3956D46DE8}") = "ObserverPattern", "ObserverPattern", "{08AC6EE9-7F2C-439C-9289-5249BFB787E2}"
EndProject
Project("{2150E333-8FDC-42A3-9474-1A3956D46DE8}") = "ObserverPattern01", "ObserverPattern01", "{14B163FA-59F8-4C45-839B-D0D0348F4AB6}"
EndProject
Project("{2150E333-8FDC-42A3-9474-1A3956D46DE8}") = "00_BeforeRefactor", "00_BeforeRefactor", "{C7979E3F-37E1-4720-A61C-AE7E43D3C003}"
EndProject
Project("{2150E333-8FDC-42A3-9474-1A3956D46DE8}") = "01_AfterRefactor", "01_AfterRefactor", "{9FB5E56D-6A66-45A5-BD61-2967934D10C9}"
EndProject
Project("{FAE04EC0-301F-11D3-BF4B-00C04F79EFBC}") = "ObserverPattern01_BR", "ObserverPattern01_BR\ObserverPattern01_BR\ObserverPattern01_BR.csproj", "{8EE067E3-4C85-4889-89D5-AEFDB5762619}"
EndProject
Project("{FAE04EC0-301F-11D3-BF4B-00C04F79EFBC}") = "ObserverPattern01_AR", "ObserverPattern01_AR\ObserverPattern01_AR\ObserverPattern01_AR.csproj", "{A219BFBA-49EF-460B-932C-39FDC0C71B93}"
EndProject
Project("{2150E333-8FDC-42A3-9474-1A3956D46DE8}") = "DecoratorPattern", "DecoratorPattern", "{C2752688-61EA-461A-B533-0B28DC01EBCA}"
EndProject
Project("{2150E333-8FDC-42A3-9474-1A3956D46DE8}") = "DecoratorPattern01", "DecoratorPattern01", "{68AC03F7-0E1B-4358-913A-2AE09CFEC63B}"
EndProject
Project("{2150E333-8FDC-42A3-9474-1A3956D46DE8}") = "00_BeforeRefactor", "00_BeforeRefactor", "{E69ECDA4-EF39-4D8D-964D-C7DF4C32B166}"
EndProject
Project("{2150E333-8FDC-42A3-9474-1A3956D46DE8}") = "01_AfterRefactor", "01_AfterRefactor", "{74C64EF9-DBB5-4614-8C9E-EFE72CC94A96}"
EndProject
Project("{FAE04EC0-301F-11D3-BF4B-00C04F79EFBC}") = "DecoratorPattern01_BR", "DecoratorPattern01_BR\DecoratorPattern01_BR\DecoratorPattern01_BR.csproj", "{12621BC2-C9E0-4E0B-8A2D-60863A476712}"
EndProject
Project("{FAE04EC0-301F-11D3-BF4B-00C04F79EFBC}") = "DecoratorPattern01_AR", "DecoratorPattern01_AR\DecoratorPattern01_AR\DecoratorPattern01_AR.csproj", "{A401E59F-C9F3-4A9F-AE32-17758FB87B66}"
EndProject
Project("{2150E333-8FDC-42A3-9474-1A3956D46DE8}") = "DecoratorPattern02", "DecoratorPattern02", "{8272B7E8-4094-428D-8AAC-7D5D9AE24012}"
EndProject
Project("{2150E333-8FDC-42A3-9474-1A3956D46DE8}") = "00_BeforeRefactor", "00_BeforeRefactor", "{65D6CE24-6D05-4C3D-ACB8-C7457BCF8C8E}"
EndProject
Project("{2150E333-8FDC-42A3-9474-1A3956D46DE8}") = "01_AfterRefactor", "01_AfterRefactor", "{2405E211-916F-493A-9D2E-86D6272CBCA7}"
EndProject
Project("{FAE04EC0-301F-11D3-BF4B-00C04F79EFBC}") = "DecoratorPattern02_BR", "DecoratorPattern02_BR\DecoratorPattern02_BR\DecoratorPattern02_BR.csproj", "{2F55922A-C8DC-4A06-B7F1-5CD915BD740F}"
EndProject
Project("{FAE04EC0-301F-11D3-BF4B-00C04F79EFBC}") = "DecoratorPattern02_AR", "DecoratorPattern02_AR\DecoratorPattern02_AR\DecoratorPattern02_AR.csproj", "{7916ED31-3D33-48DF-B545-C4A07505DD34}"
EndProject
Project("{2150E333-8FDC-42A3-9474-1A3956D46DE8}") = "FactoryPattern_Simple", "FactoryPattern_Simple", "{BBAAD7B8-49C0-43E7-A745-5105E32AD1B9}"
EndProject
Project("{2150E333-8FDC-42A3-9474-1A3956D46DE8}") = "FactoryPattern_Simple", "FactoryPattern_Simple", "{DD35644A-1595-4BEB-B44E-C140FB60CE39}"
EndProject
Project("{2150E333-8FDC-42A3-9474-1A3956D46DE8}") = "00_BeforeRefactor", "00_BeforeRefactor", "{F8EE5A75-2865-4D6E-A03F-45D315A96E84}"
EndProject
Project("{2150E333-8FDC-42A3-9474-1A3956D46DE8}") = "01_AfterRefactor", "01_AfterRefactor", "{0094EB9C-755A-4257-8ECF-4ABEB937BD94}"
EndProject
Project("{FAE04EC0-301F-11D3-BF4B-00C04F79EFBC}") = "FactoryPattern_Simple01_BR", "FactoryPattern_Simple01_BR\FactoryPattern_Simple01_BR\FactoryPattern_Simple01_BR.csproj", "{33F14631-42C2-44FB-8964-B8E3B9EFF960}"
EndProject
Project("{FAE04EC0-301F-11D3-BF4B-00C04F79EFBC}") = "FactoryPattern_Simple01_AR", "FactoryPattern_Simple01_AR\FactoryPattern_Simple01_AR\FactoryPattern_Simple01_AR.csproj", "{9AAC6A17-9512-41F3-A455-EEEF017A302E}"
EndProject
Global
	GlobalSection(SolutionConfigurationPlatforms) = preSolution
		Debug|Any CPU = Debug|Any CPU
		Release|Any CPU = Release|Any CPU
	EndGlobalSection
	GlobalSection(NestedProjects) = preSolution
		{64469012-63DB-40F6-A561-FD55B2A55BEA} = {B100A392-1301-4E6A-A530-8720A4EC997D}
		{006DF5E4-313F-491B-BCFD-91EF696B54AD} = {64469012-63DB-40F6-A561-FD55B2A55BEA}
		{3AAA2A57-7B64-44F7-BEA4-789E646EAEA0} = {006DF5E4-313F-491B-BCFD-91EF696B54AD}
		{DB6462BB-C8B7-4216-954E-B7AA6D5F6C7C} = {64469012-63DB-40F6-A561-FD55B2A55BEA}
		{EBD8084F-61DD-493E-B44A-B2B0B75A1912} = {DB6462BB-C8B7-4216-954E-B7AA6D5F6C7C}
		{14B163FA-59F8-4C45-839B-D0D0348F4AB6} = {08AC6EE9-7F2C-439C-9289-5249BFB787E2}
		{C7979E3F-37E1-4720-A61C-AE7E43D3C003} = {14B163FA-59F8-4C45-839B-D0D0348F4AB6}
		{9FB5E56D-6A66-45A5-BD61-2967934D10C9} = {14B163FA-59F8-4C45-839B-D0D0348F4AB6}
		{8EE067E3-4C85-4889-89D5-AEFDB5762619} = {C7979E3F-37E1-4720-A61C-AE7E43D3C003}
		{A219BFBA-49EF-460B-932C-39FDC0C71B93} = {9FB5E56D-6A66-45A5-BD61-2967934D10C9}
		{68AC03F7-0E1B-4358-913A-2AE09CFEC63B} = {C2752688-61EA-461A-B533-0B28DC01EBCA}
		{E69ECDA4-EF39-4D8D-964D-C7DF4C32B166} = {68AC03F7-0E1B-4358-913A-2AE09CFEC63B}
		{74C64EF9-DBB5-4614-8C9E-EFE72CC94A96} = {68AC03F7-0E1B-4358-913A-2AE09CFEC63B}
		{12621BC2-C9E0-4E0B-8A2D-60863A476712} = {E69ECDA4-EF39-4D8D-964D-C7DF4C32B166}
		{A401E59F-C9F3-4A9F-AE32-17758FB87B66} = {74C64EF9-DBB5-4614-8C9E-EFE72CC94A96}
		{8272B7E8-4094-428D-8AAC-7D5D9AE24012} = {C2752688-61EA-461A-B533-0B28DC01EBCA}
		{65D6CE24-6D05-4C3D-ACB8-C7457BCF8C8E} = {8272B7E8-4094-428D-8AAC-7D5D9AE24012}
		{2405E211-916F-493A-9D2E-86D6272CBCA7} = {8272B7E8-4094-428D-8AAC-7D5D9AE24012}
		{2F55922A-C8DC-4A06-B7F1-5CD915BD740F} = {65D6CE24-6D05-4C3D-ACB8-C7457BCF8C8E}
		{7916ED31-3D33-48DF-B545-C4A07505DD34} = {2405E211-916F-493A-9D2E-86D6272CBCA7}
		{DD35644A-1595-4BEB-B44E-C140FB60CE39} = {BBAAD7B8-49C0-43E7-A745-5105E32AD1B9}
		{F8EE5A75-2865-4D6E-A03F-45D315A96E84} = {DD35644A-1595-4BEB-B44E-C140FB60CE39}
		{0094EB9C-755A-4257-8ECF-4ABEB937BD94} = {DD35644A-1595-4BEB-B44E-C140FB60CE39}
		{33F14631-42C2-44FB-8964-B8E3B9EFF960} = {F8EE5A75-2865-4D6E-A03F-45D315A96E84}
		{9AAC6A17-9512-41F3-A455-EEEF017A302E} = {0094EB9C-755A-4257-8ECF-4ABEB937BD94}
	EndGlobalSection
	GlobalSection(ProjectConfigurationPlatforms) = postSolution
		{3AAA2A57-7B64-44F7-BEA4-789E646EAEA0}.Debug|Any CPU.ActiveCfg = Debug|Any CPU
		{3AAA2A57-7B64-44F7-BEA4-789E646EAEA0}.Debug|Any CPU.Build.0 = Debug|Any CPU
		{3AAA2A57-7B64-44F7-BEA4-789E646EAEA0}.Release|Any CPU.ActiveCfg = Release|Any CPU
		{3AAA2A57-7B64-44F7-BEA4-789E646EAEA0}.Release|Any CPU.Build.0 = Release|Any CPU
		{EBD8084F-61DD-493E-B44A-B2B0B75A1912}.Debug|Any CPU.ActiveCfg = Debug|Any CPU
		{EBD8084F-61DD-493E-B44A-B2B0B75A1912}.Debug|Any CPU.Build.0 = Debug|Any CPU
		{EBD8084F-61DD-493E-B44A-B2B0B75A1912}.Release|Any CPU.ActiveCfg = Release|Any CPU
		{EBD8084F-61DD-493E-B44A-B2B0B75A1912}.Release|Any CPU.Build.0 = Release|Any CPU
		{8EE067E3-4C85-4889-89D5-AEFDB5762619}.Debug|Any CPU.ActiveCfg = Debug|Any CPU
		{8EE067E3-4C85-4889-89D5-AEFDB5762619}.Debug|Any CPU.Build.0 = Debug|Any CPU
		{8EE067E3-4C85-4889-89D5-AEFDB5762619}.Release|Any CPU.ActiveCfg = Release|Any CPU
		{8EE067E3-4C85-4889-89D5-AEFDB5762619}.Release|Any CPU.Build.0 = Release|Any CPU
		{A219BFBA-49EF-460B-932C-39FDC0C71B93}.Debug|Any CPU.ActiveCfg = Debug|Any CPU
		{A219BFBA-49EF-460B-932C-39FDC0C71B93}.Debug|Any CPU.Build.0 = Debug|Any CPU
		{A219BFBA-49EF-460B-932C-39FDC0C71B93}.Release|Any CPU.ActiveCfg = Release|Any CPU
		{A219BFBA-49EF-460B-932C-39FDC0C71B93}.Release|Any CPU.Build.0 = Release|Any CPU
		{12621BC2-C9E0-4E0B-8A2D-60863A476712}.Debug|Any CPU.ActiveCfg = Debug|Any CPU
		{12621BC2-C9E0-4E0B-8A2D-60863A476712}.Debug|Any CPU.Build.0 = Debug|Any CPU
		{12621BC2-C9E0-4E0B-8A2D-60863A476712}.Release|Any CPU.ActiveCfg = Release|Any CPU
		{12621BC2-C9E0-4E0B-8A2D-60863A476712}.Release|Any CPU.Build.0 = Release|Any CPU
		{A401E59F-C9F3-4A9F-AE32-17758FB87B66}.Debug|Any CPU.ActiveCfg = Debug|Any CPU
		{A401E59F-C9F3-4A9F-AE32-17758FB87B66}.Debug|Any CPU.Build.0 = Debug|Any CPU
		{A401E59F-C9F3-4A9F-AE32-17758FB87B66}.Release|Any CPU.ActiveCfg = Release|Any CPU
		{A401E59F-C9F3-4A9F-AE32-17758FB87B66}.Release|Any CPU.Build.0 = Release|Any CPU
		{2F55922A-C8DC-4A06-B7F1-5CD915BD740F}.Debug|Any CPU.ActiveCfg = Debug|Any CPU
		{2F55922A-C8DC-4A06-B7F1-5CD915BD740F}.Debug|Any CPU.Build.0 = Debug|Any CPU
		{2F55922A-C8DC-4A06-B7F1-5CD915BD740F}.Release|Any CPU.ActiveCfg = Release|Any CPU
		{2F55922A-C8DC-4A06-B7F1-5CD915BD740F}.Release|Any CPU.Build.0 = Release|Any CPU
		{7916ED31-3D33-48DF-B545-C4A07505DD34}.Debug|Any CPU.ActiveCfg = Debug|Any CPU
		{7916ED31-3D33-48DF-B545-C4A07505DD34}.Debug|Any CPU.Build.0 = Debug|Any CPU
		{7916ED31-3D33-48DF-B545-C4A07505DD34}.Release|Any CPU.ActiveCfg = Release|Any CPU
		{7916ED31-3D33-48DF-B545-C4A07505DD34}.Release|Any CPU.Build.0 = Release|Any CPU
		{33F14631-42C2-44FB-8964-B8E3B9EFF960}.Debug|Any CPU.ActiveCfg = Debug|Any CPU
		{33F14631-42C2-44FB-8964-B8E3B9EFF960}.Debug|Any CPU.Build.0 = Debug|Any CPU
		{33F14631-42C2-44FB-8964-B8E3B9EFF960}.Release|Any CPU.ActiveCfg = Release|Any CPU
		{33F14631-42C2-44FB-8964-B8E3B9EFF960}.Release|Any CPU.Build.0 = Release|Any CPU
		{9AAC6A17-9512-41F3-A455-EEEF017A302E}.Debug|Any CPU.ActiveCfg = Debug|Any CPU
		{9AAC6A17-9512-41F3-A455-EEEF017A302E}.Debug|Any CPU.Build.0 = Debug|Any CPU
		{9AAC6A17-9512-41F3-A455-EEEF017A302E}.Release|Any CPU.ActiveCfg = Release|Any CPU
		{9AAC6A17-9512-41F3-A455-EEEF017A302E}.Release|Any CPU.Build.0 = Release|Any CPU
	EndGlobalSection
EndGlobal
